
Microsoft Visual Studio Solution File, Format Version 12.00
# Visual Studio Version 16
VisualStudioVersion = 16.0.29418.71
MinimumVisualStudioVersion = 10.0.40219.1
Project("{FAE04EC0-301F-11D3-BF4B-00C04F79EFBC}") = "FastFunctionExtraction", "FFX\FastFunctionExtraction.csproj", "{557A23CE-9A5E-44F5-AEA2-4F4F33C1511F}"
EndProject
Project("{FAE04EC0-301F-11D3-BF4B-00C04F79EFBC}") = "DataAggregation", "DataAggregation\DataAggregation.csproj", "{559D5A6D-7246-4738-B4A1-75872517215B}"
EndProject
Global
	GlobalSection(SolutionConfigurationPlatforms) = preSolution
		Debug|Any CPU = Debug|Any CPU
		Release|Any CPU = Release|Any CPU
	EndGlobalSection
	GlobalSection(ProjectConfigurationPlatforms) = postSolution
		{557A23CE-9A5E-44F5-AEA2-4F4F33C1511F}.Debug|Any CPU.ActiveCfg = Debug|Any CPU
		{557A23CE-9A5E-44F5-AEA2-4F4F33C1511F}.Debug|Any CPU.Build.0 = Debug|Any CPU
		{557A23CE-9A5E-44F5-AEA2-4F4F33C1511F}.Release|Any CPU.ActiveCfg = Release|Any CPU
		{557A23CE-9A5E-44F5-AEA2-4F4F33C1511F}.Release|Any CPU.Build.0 = Release|Any CPU
		{559D5A6D-7246-4738-B4A1-75872517215B}.Debug|Any CPU.ActiveCfg = Debug|Any CPU
		{559D5A6D-7246-4738-B4A1-75872517215B}.Debug|Any CPU.Build.0 = Debug|Any CPU
		{559D5A6D-7246-4738-B4A1-75872517215B}.Release|Any CPU.ActiveCfg = Release|Any CPU
		{559D5A6D-7246-4738-B4A1-75872517215B}.Release|Any CPU.Build.0 = Release|Any CPU
	EndGlobalSection
	GlobalSection(SolutionProperties) = preSolution
		HideSolutionNode = FALSE
	EndGlobalSection
	GlobalSection(ExtensibilityGlobals) = postSolution
		SolutionGuid = {6F229D09-3798-4580-901D-8B96546E256F}
	EndGlobalSection
EndGlobal
